
Microsoft Visual Studio Solution File, Format Version 12.00
# Visual Studio Version 17
VisualStudioVersion = 17.0.32112.339
MinimumVisualStudioVersion = 10.0.40219.1
Project("{9A19103F-16F7-4668-BE54-9A1E7A4F7556}") = "MsSql.Adapter", "examples\MsSql.Adapter\MsSql.Adapter.csproj", "{8A05F8AC-376D-43E4-80EF-7913FB48158E}"
EndProject
Project("{9A19103F-16F7-4668-BE54-9A1E7A4F7556}") = "MsSql.Adapter.Generator", "src\MsSql.Adapter.generator\MsSql.Adapter.Generator.csproj", "{8ACB3DE6-C006-4870-A834-F2690760DBC3}"
EndProject
Project("{9A19103F-16F7-4668-BE54-9A1E7A4F7556}") = "MsSql.Adapter.Generator.Attributes", "src\MsSql.Adapter.Generator.Attributes\MsSql.Adapter.Generator.Attributes.csproj", "{0CD73A5B-6DC0-460D-AA8D-1BF7AC5DC5DF}"
EndProject
Project("{9A19103F-16F7-4668-BE54-9A1E7A4F7556}") = "MsSql.Adapter.Collector.Types", "src\shared\MsSql.Adapter.Collector.Types\MsSql.Adapter.Collector.Types.csproj", "{988150BC-206E-4ECE-91C7-8D14394EF6F4}"
EndProject
Project("{2150E333-8FDC-42A3-9474-1A3956D46DE8}") = "shared", "shared", "{0C8692DA-3A2F-4F1D-9799-BE8BC6F8F5DC}"
EndProject
Project("{9A19103F-16F7-4668-BE54-9A1E7A4F7556}") = "MsSql.Adapter.Utils", "src\shared\MsSql.Adapter.Utils\MsSql.Adapter.Utils.csproj", "{75F66AB2-63C0-4189-B8A5-18FD483F5D86}"
EndProject
Project("{9A19103F-16F7-4668-BE54-9A1E7A4F7556}") = "MsSql.Adapter.Standard.Types", "src\shared\MsSql.Adapter.Standard.Types\MsSql.Adapter.Standard.Types.csproj", "{B78B7BC0-46DB-4867-AD24-5A4F474EA499}"
EndProject
Project("{9A19103F-16F7-4668-BE54-9A1E7A4F7556}") = "MsSql.Adapter.Collector", "src\MsSql.Adapter.Collector\MsSql.Adapter.Collector.csproj", "{F03620DC-53FD-408D-8A90-2DFDC3F1F3E7}"
EndProject
Global
	GlobalSection(SolutionConfigurationPlatforms) = preSolution
		Debug|Any CPU = Debug|Any CPU
		Release|Any CPU = Release|Any CPU
	EndGlobalSection
	GlobalSection(ProjectConfigurationPlatforms) = postSolution
		{8A05F8AC-376D-43E4-80EF-7913FB48158E}.Debug|Any CPU.ActiveCfg = Debug|Any CPU
		{8A05F8AC-376D-43E4-80EF-7913FB48158E}.Debug|Any CPU.Build.0 = Debug|Any CPU
		{8A05F8AC-376D-43E4-80EF-7913FB48158E}.Release|Any CPU.ActiveCfg = Release|Any CPU
		{8A05F8AC-376D-43E4-80EF-7913FB48158E}.Release|Any CPU.Build.0 = Release|Any CPU
		{8ACB3DE6-C006-4870-A834-F2690760DBC3}.Debug|Any CPU.ActiveCfg = Debug|Any CPU
		{8ACB3DE6-C006-4870-A834-F2690760DBC3}.Debug|Any CPU.Build.0 = Debug|Any CPU
		{8ACB3DE6-C006-4870-A834-F2690760DBC3}.Release|Any CPU.ActiveCfg = Release|Any CPU
		{8ACB3DE6-C006-4870-A834-F2690760DBC3}.Release|Any CPU.Build.0 = Release|Any CPU
		{0CD73A5B-6DC0-460D-AA8D-1BF7AC5DC5DF}.Debug|Any CPU.ActiveCfg = Debug|Any CPU
		{0CD73A5B-6DC0-460D-AA8D-1BF7AC5DC5DF}.Debug|Any CPU.Build.0 = Debug|Any CPU
		{0CD73A5B-6DC0-460D-AA8D-1BF7AC5DC5DF}.Release|Any CPU.ActiveCfg = Release|Any CPU
		{0CD73A5B-6DC0-460D-AA8D-1BF7AC5DC5DF}.Release|Any CPU.Build.0 = Release|Any CPU
		{988150BC-206E-4ECE-91C7-8D14394EF6F4}.Debug|Any CPU.ActiveCfg = Debug|Any CPU
		{988150BC-206E-4ECE-91C7-8D14394EF6F4}.Debug|Any CPU.Build.0 = Debug|Any CPU
		{988150BC-206E-4ECE-91C7-8D14394EF6F4}.Release|Any CPU.ActiveCfg = Release|Any CPU
		{988150BC-206E-4ECE-91C7-8D14394EF6F4}.Release|Any CPU.Build.0 = Release|Any CPU
		{75F66AB2-63C0-4189-B8A5-18FD483F5D86}.Debug|Any CPU.ActiveCfg = Debug|Any CPU
		{75F66AB2-63C0-4189-B8A5-18FD483F5D86}.Debug|Any CPU.Build.0 = Debug|Any CPU
		{75F66AB2-63C0-4189-B8A5-18FD483F5D86}.Release|Any CPU.ActiveCfg = Release|Any CPU
		{75F66AB2-63C0-4189-B8A5-18FD483F5D86}.Release|Any CPU.Build.0 = Release|Any CPU
		{B78B7BC0-46DB-4867-AD24-5A4F474EA499}.Debug|Any CPU.ActiveCfg = Debug|Any CPU
		{B78B7BC0-46DB-4867-AD24-5A4F474EA499}.Debug|Any CPU.Build.0 = Debug|Any CPU
		{B78B7BC0-46DB-4867-AD24-5A4F474EA499}.Release|Any CPU.ActiveCfg = Release|Any CPU
		{B78B7BC0-46DB-4867-AD24-5A4F474EA499}.Release|Any CPU.Build.0 = Release|Any CPU
		{F03620DC-53FD-408D-8A90-2DFDC3F1F3E7}.Debug|Any CPU.ActiveCfg = Debug|Any CPU
		{F03620DC-53FD-408D-8A90-2DFDC3F1F3E7}.Debug|Any CPU.Build.0 = Debug|Any CPU
		{F03620DC-53FD-408D-8A90-2DFDC3F1F3E7}.Release|Any CPU.ActiveCfg = Release|Any CPU
		{F03620DC-53FD-408D-8A90-2DFDC3F1F3E7}.Release|Any CPU.Build.0 = Release|Any CPU
	EndGlobalSection
	GlobalSection(SolutionProperties) = preSolution
		HideSolutionNode = FALSE
	EndGlobalSection
	GlobalSection(NestedProjects) = preSolution
		{988150BC-206E-4ECE-91C7-8D14394EF6F4} = {0C8692DA-3A2F-4F1D-9799-BE8BC6F8F5DC}
		{75F66AB2-63C0-4189-B8A5-18FD483F5D86} = {0C8692DA-3A2F-4F1D-9799-BE8BC6F8F5DC}
		{B78B7BC0-46DB-4867-AD24-5A4F474EA499} = {0C8692DA-3A2F-4F1D-9799-BE8BC6F8F5DC}
	EndGlobalSection
	GlobalSection(ExtensibilityGlobals) = postSolution
		SolutionGuid = {3A3B9ACD-9133-45D6-9DA3-C6C097C74C80}
	EndGlobalSection
EndGlobal
